
Microsoft Visual Studio Solution File, Format Version 12.00
# Visual Studio 15
VisualStudioVersion = 15.0.34112.143
MinimumVisualStudioVersion = 10.0.40219.1
Project("{FAE04EC0-301F-11D3-BF4B-00C04F79EFBC}") = "3D models creator", "3D models creator\3D models creator.csproj", "{DDB11583-8990-4B89-826B-3A8663648C53}"
EndProject
Global
	GlobalSection(SolutionConfigurationPlatforms) = preSolution
		Debug|Any CPU = Debug|Any CPU
		Release|Any CPU = Release|Any CPU
	EndGlobalSection
	GlobalSection(ProjectConfigurationPlatforms) = postSolution
		{DDB11583-8990-4B89-826B-3A8663648C53}.Debug|Any CPU.ActiveCfg = Debug|Any CPU
		{DDB11583-8990-4B89-826B-3A8663648C53}.Debug|Any CPU.Build.0 = Debug|Any CPU
		{DDB11583-8990-4B89-826B-3A8663648C53}.Release|Any CPU.ActiveCfg = Release|Any CPU
		{DDB11583-8990-4B89-826B-3A8663648C53}.Release|Any CPU.Build.0 = Release|Any CPU
	EndGlobalSection
	GlobalSection(SolutionProperties) = preSolution
		HideSolutionNode = FALSE
	EndGlobalSection
	GlobalSection(ExtensibilityGlobals) = postSolution
		SolutionGuid = {50E36A91-953E-4E40-96A0-3EFD664976CE}
	EndGlobalSection
EndGlobal
